
Microsoft Visual Studio Solution File, Format Version 12.00
# Visual Studio Version 17
VisualStudioVersion = 17.0.31903.59
MinimumVisualStudioVersion = 10.0.40219.1
Project("{FAE04EC0-301F-11D3-BF4B-00C04F79EFBC}") = "Lesson01", "Lesson01\Lesson01.csproj", "{F24703E6-5EA9-4536-A915-5FB0B690D823}"
EndProject
Project("{FAE04EC0-301F-11D3-BF4B-00C04F79EFBC}") = "Lesson02", "Lesson02\Lesson02.csproj", "{721921EF-F747-4D96-A00E-74F6A0EBAA97}"
EndProject
Project("{FAE04EC0-301F-11D3-BF4B-00C04F79EFBC}") = "Lesson03", "Lesson03\Lesson03.csproj", "{980EA5F8-CD40-4272-80F1-37400531C020}"
EndProject
Project("{FAE04EC0-301F-11D3-BF4B-00C04F79EFBC}") = "Lesson04", "Lesson04\Lesson04.csproj", "{196E7AA0-485A-4B61-BBD5-AC5BA98D07DB}"
EndProject
Project("{FAE04EC0-301F-11D3-BF4B-00C04F79EFBC}") = "Lesson05", "Lesson05\Lesson05.csproj", "{057A308C-50D8-4F24-A6A2-FD9BB65FEB90}"
EndProject
Project("{FAE04EC0-301F-11D3-BF4B-00C04F79EFBC}") = "Lesson06", "Lesson06\Lesson06.csproj", "{35A6CA04-8EDD-4B29-BF3C-B05D787B8337}"
EndProject
Project("{FAE04EC0-301F-11D3-BF4B-00C04F79EFBC}") = "Lesson07", "Lesson07\Lesson07.csproj", "{C5E1A8BB-A720-4461-9094-96F7BE67BB0D}"
EndProject
Project("{FAE04EC0-301F-11D3-BF4B-00C04F79EFBC}") = "Lesson08", "Lesson08\Lesson08.csproj", "{B9E729D9-5840-4934-AADC-C6427EEA268B}"
EndProject
Project("{FAE04EC0-301F-11D3-BF4B-00C04F79EFBC}") = "Lesson09", "Lesson09\Lesson09.csproj", "{159E12DF-C95C-4E2C-9586-284B6BE70654}"
EndProject
Project("{FAE04EC0-301F-11D3-BF4B-00C04F79EFBC}") = "Lesson10", "Lesson10\Lesson10.csproj", "{E483F9C4-BC97-4DCC-942E-5483C7091C22}"
EndProject
Project("{FAE04EC0-301F-11D3-BF4B-00C04F79EFBC}") = "Lesson11", "Lesson11\Lesson11.csproj", "{BAD26D56-A5EC-4557-8F07-AA037DFCCD13}"
EndProject
Project("{FAE04EC0-301F-11D3-BF4B-00C04F79EFBC}") = "Lesson12", "Lesson12\Lesson12.csproj", "{07E9B036-911A-46CD-8C0C-14908B0749B4}"
EndProject
Project("{FAE04EC0-301F-11D3-BF4B-00C04F79EFBC}") = "Lesson13", "Lesson13\Lesson13.csproj", "{554E1DD7-DC7F-4330-8C4B-B994405E41C9}"
EndProject
Global
	GlobalSection(SolutionConfigurationPlatforms) = preSolution
		Debug|Any CPU = Debug|Any CPU
		Release|Any CPU = Release|Any CPU
	EndGlobalSection
	GlobalSection(SolutionProperties) = preSolution
		HideSolutionNode = FALSE
	EndGlobalSection
	GlobalSection(ProjectConfigurationPlatforms) = postSolution
		{F24703E6-5EA9-4536-A915-5FB0B690D823}.Debug|Any CPU.ActiveCfg = Debug|Any CPU
		{F24703E6-5EA9-4536-A915-5FB0B690D823}.Debug|Any CPU.Build.0 = Debug|Any CPU
		{F24703E6-5EA9-4536-A915-5FB0B690D823}.Release|Any CPU.ActiveCfg = Release|Any CPU
		{F24703E6-5EA9-4536-A915-5FB0B690D823}.Release|Any CPU.Build.0 = Release|Any CPU
		{721921EF-F747-4D96-A00E-74F6A0EBAA97}.Debug|Any CPU.ActiveCfg = Debug|Any CPU
		{721921EF-F747-4D96-A00E-74F6A0EBAA97}.Debug|Any CPU.Build.0 = Debug|Any CPU
		{721921EF-F747-4D96-A00E-74F6A0EBAA97}.Release|Any CPU.ActiveCfg = Release|Any CPU
		{721921EF-F747-4D96-A00E-74F6A0EBAA97}.Release|Any CPU.Build.0 = Release|Any CPU
		{980EA5F8-CD40-4272-80F1-37400531C020}.Debug|Any CPU.ActiveCfg = Debug|Any CPU
		{980EA5F8-CD40-4272-80F1-37400531C020}.Debug|Any CPU.Build.0 = Debug|Any CPU
		{980EA5F8-CD40-4272-80F1-37400531C020}.Release|Any CPU.ActiveCfg = Release|Any CPU
		{980EA5F8-CD40-4272-80F1-37400531C020}.Release|Any CPU.Build.0 = Release|Any CPU
		{196E7AA0-485A-4B61-BBD5-AC5BA98D07DB}.Debug|Any CPU.ActiveCfg = Debug|Any CPU
		{196E7AA0-485A-4B61-BBD5-AC5BA98D07DB}.Debug|Any CPU.Build.0 = Debug|Any CPU
		{196E7AA0-485A-4B61-BBD5-AC5BA98D07DB}.Release|Any CPU.ActiveCfg = Release|Any CPU
		{196E7AA0-485A-4B61-BBD5-AC5BA98D07DB}.Release|Any CPU.Build.0 = Release|Any CPU
		{057A308C-50D8-4F24-A6A2-FD9BB65FEB90}.Debug|Any CPU.ActiveCfg = Debug|Any CPU
		{057A308C-50D8-4F24-A6A2-FD9BB65FEB90}.Debug|Any CPU.Build.0 = Debug|Any CPU
		{057A308C-50D8-4F24-A6A2-FD9BB65FEB90}.Release|Any CPU.ActiveCfg = Release|Any CPU
		{057A308C-50D8-4F24-A6A2-FD9BB65FEB90}.Release|Any CPU.Build.0 = Release|Any CPU
		{35A6CA04-8EDD-4B29-BF3C-B05D787B8337}.Debug|Any CPU.ActiveCfg = Debug|Any CPU
		{35A6CA04-8EDD-4B29-BF3C-B05D787B8337}.Debug|Any CPU.Build.0 = Debug|Any CPU
		{35A6CA04-8EDD-4B29-BF3C-B05D787B8337}.Release|Any CPU.ActiveCfg = Release|Any CPU
		{35A6CA04-8EDD-4B29-BF3C-B05D787B8337}.Release|Any CPU.Build.0 = Release|Any CPU
		{C5E1A8BB-A720-4461-9094-96F7BE67BB0D}.Debug|Any CPU.ActiveCfg = Debug|Any CPU
		{C5E1A8BB-A720-4461-9094-96F7BE67BB0D}.Debug|Any CPU.Build.0 = Debug|Any CPU
		{C5E1A8BB-A720-4461-9094-96F7BE67BB0D}.Release|Any CPU.ActiveCfg = Release|Any CPU
		{C5E1A8BB-A720-4461-9094-96F7BE67BB0D}.Release|Any CPU.Build.0 = Release|Any CPU
		{B9E729D9-5840-4934-AADC-C6427EEA268B}.Debug|Any CPU.ActiveCfg = Debug|Any CPU
		{B9E729D9-5840-4934-AADC-C6427EEA268B}.Debug|Any CPU.Build.0 = Debug|Any CPU
		{B9E729D9-5840-4934-AADC-C6427EEA268B}.Release|Any CPU.ActiveCfg = Release|Any CPU
		{B9E729D9-5840-4934-AADC-C6427EEA268B}.Release|Any CPU.Build.0 = Release|Any CPU
		{159E12DF-C95C-4E2C-9586-284B6BE70654}.Debug|Any CPU.ActiveCfg = Debug|Any CPU
		{159E12DF-C95C-4E2C-9586-284B6BE70654}.Debug|Any CPU.Build.0 = Debug|Any CPU
		{159E12DF-C95C-4E2C-9586-284B6BE70654}.Release|Any CPU.ActiveCfg = Release|Any CPU
		{159E12DF-C95C-4E2C-9586-284B6BE70654}.Release|Any CPU.Build.0 = Release|Any CPU
		{E483F9C4-BC97-4DCC-942E-5483C7091C22}.Debug|Any CPU.ActiveCfg = Debug|Any CPU
		{E483F9C4-BC97-4DCC-942E-5483C7091C22}.Debug|Any CPU.Build.0 = Debug|Any CPU
		{E483F9C4-BC97-4DCC-942E-5483C7091C22}.Release|Any CPU.ActiveCfg = Release|Any CPU
		{E483F9C4-BC97-4DCC-942E-5483C7091C22}.Release|Any CPU.Build.0 = Release|Any CPU
		{BAD26D56-A5EC-4557-8F07-AA037DFCCD13}.Debug|Any CPU.ActiveCfg = Debug|Any CPU
		{BAD26D56-A5EC-4557-8F07-AA037DFCCD13}.Debug|Any CPU.Build.0 = Debug|Any CPU
		{BAD26D56-A5EC-4557-8F07-AA037DFCCD13}.Release|Any CPU.ActiveCfg = Release|Any CPU
		{BAD26D56-A5EC-4557-8F07-AA037DFCCD13}.Release|Any CPU.Build.0 = Release|Any CPU
		{07E9B036-911A-46CD-8C0C-14908B0749B4}.Debug|Any CPU.ActiveCfg = Debug|Any CPU
		{07E9B036-911A-46CD-8C0C-14908B0749B4}.Debug|Any CPU.Build.0 = Debug|Any CPU
		{07E9B036-911A-46CD-8C0C-14908B0749B4}.Release|Any CPU.ActiveCfg = Release|Any CPU
		{07E9B036-911A-46CD-8C0C-14908B0749B4}.Release|Any CPU.Build.0 = Release|Any CPU
		{554E1DD7-DC7F-4330-8C4B-B994405E41C9}.Debug|Any CPU.ActiveCfg = Debug|Any CPU
		{554E1DD7-DC7F-4330-8C4B-B994405E41C9}.Debug|Any CPU.Build.0 = Debug|Any CPU
		{554E1DD7-DC7F-4330-8C4B-B994405E41C9}.Release|Any CPU.ActiveCfg = Release|Any CPU
		{554E1DD7-DC7F-4330-8C4B-B994405E41C9}.Release|Any CPU.Build.0 = Release|Any CPU
	EndGlobalSection
EndGlobal
